
Microsoft Visual Studio Solution File, Format Version 12.00
# Visual Studio 15
VisualStudioVersion = 15.0.26403.7
MinimumVisualStudioVersion = 10.0.40219.1
Project("{FAE04EC0-301F-11D3-BF4B-00C04F79EFBC}") = "AppUI", "AppUI\AppUI.csproj", "{DC0BEDE0-E7CE-4B82-A8E3-C871B89DAF50}"
	ProjectSection(ProjectDependencies) = postProject
		{943A584F-2C1E-4CB5-953B-3426DA6F065C} = {943A584F-2C1E-4CB5-953B-3426DA6F065C}
		{1DF00CFB-5002-4312-B40B-98BCC17D7825} = {1DF00CFB-5002-4312-B40B-98BCC17D7825}
	EndProjectSection
EndProject
Project("{FAE04EC0-301F-11D3-BF4B-00C04F79EFBC}") = "AppEngine", "AppEngine\AppEngine.csproj", "{1DF00CFB-5002-4312-B40B-98BCC17D7825}"
	ProjectSection(ProjectDependencies) = postProject
		{943A584F-2C1E-4CB5-953B-3426DA6F065C} = {943A584F-2C1E-4CB5-953B-3426DA6F065C}
	EndProjectSection
EndProject
Project("{FAE04EC0-301F-11D3-BF4B-00C04F79EFBC}") = "AppLauncher", "AppLauncher\AppLauncher.csproj", "{943A584F-2C1E-4CB5-953B-3426DA6F065C}"
EndProject
Global
	GlobalSection(SolutionConfigurationPlatforms) = preSolution
		Debug|Any CPU = Debug|Any CPU
		Release|Any CPU = Release|Any CPU
	EndGlobalSection
	GlobalSection(ProjectConfigurationPlatforms) = postSolution
		{DC0BEDE0-E7CE-4B82-A8E3-C871B89DAF50}.Debug|Any CPU.ActiveCfg = Debug|Any CPU
		{DC0BEDE0-E7CE-4B82-A8E3-C871B89DAF50}.Debug|Any CPU.Build.0 = Debug|Any CPU
		{DC0BEDE0-E7CE-4B82-A8E3-C871B89DAF50}.Release|Any CPU.ActiveCfg = Release|Any CPU
		{DC0BEDE0-E7CE-4B82-A8E3-C871B89DAF50}.Release|Any CPU.Build.0 = Release|Any CPU
		{1DF00CFB-5002-4312-B40B-98BCC17D7825}.Debug|Any CPU.ActiveCfg = Debug|Any CPU
		{1DF00CFB-5002-4312-B40B-98BCC17D7825}.Debug|Any CPU.Build.0 = Debug|Any CPU
		{1DF00CFB-5002-4312-B40B-98BCC17D7825}.Release|Any CPU.ActiveCfg = Release|Any CPU
		{1DF00CFB-5002-4312-B40B-98BCC17D7825}.Release|Any CPU.Build.0 = Release|Any CPU
		{943A584F-2C1E-4CB5-953B-3426DA6F065C}.Debug|Any CPU.ActiveCfg = Debug|Any CPU
		{943A584F-2C1E-4CB5-953B-3426DA6F065C}.Debug|Any CPU.Build.0 = Debug|Any CPU
		{943A584F-2C1E-4CB5-953B-3426DA6F065C}.Release|Any CPU.ActiveCfg = Release|Any CPU
		{943A584F-2C1E-4CB5-953B-3426DA6F065C}.Release|Any CPU.Build.0 = Release|Any CPU
	EndGlobalSection
	GlobalSection(SolutionProperties) = preSolution
		HideSolutionNode = FALSE
	EndGlobalSection
EndGlobal
